
Microsoft Visual Studio Solution File, Format Version 12.00
# Visual Studio Version 17
VisualStudioVersion = 17.3.32922.545
MinimumVisualStudioVersion = 10.0.40219.1
Project("{FAE04EC0-301F-11D3-BF4B-00C04F79EFBC}") = "StackCompositionLibrary", "StackCompositionLibrary\StackCompositionLibrary.csproj", "{0AC2DDE0-DAC7-4111-A1A4-9B3B5C7F8925}"
EndProject
Global
	GlobalSection(SolutionConfigurationPlatforms) = preSolution
		Debug|Any CPU = Debug|Any CPU
		Release|Any CPU = Release|Any CPU
	EndGlobalSection
	GlobalSection(ProjectConfigurationPlatforms) = postSolution
		{0AC2DDE0-DAC7-4111-A1A4-9B3B5C7F8925}.Debug|Any CPU.ActiveCfg = Debug|Any CPU
		{0AC2DDE0-DAC7-4111-A1A4-9B3B5C7F8925}.Debug|Any CPU.Build.0 = Debug|Any CPU
		{0AC2DDE0-DAC7-4111-A1A4-9B3B5C7F8925}.Release|Any CPU.ActiveCfg = Release|Any CPU
		{0AC2DDE0-DAC7-4111-A1A4-9B3B5C7F8925}.Release|Any CPU.Build.0 = Release|Any CPU
	EndGlobalSection
	GlobalSection(SolutionProperties) = preSolution
		HideSolutionNode = FALSE
	EndGlobalSection
	GlobalSection(ExtensibilityGlobals) = postSolution
		SolutionGuid = {4F09B809-ECFD-4AC4-9B34-AC379BBD1B78}
	EndGlobalSection
EndGlobal
